
Microsoft Visual Studio Solution File, Format Version 12.00
# Visual Studio Version 17
VisualStudioVersion = 17.1.32210.238
MinimumVisualStudioVersion = 10.0.40219.1
Project("{FAE04EC0-301F-11D3-BF4B-00C04F79EFBC}") = "RockPaperScissors", "RockPaperScissors\RockPaperScissors.csproj", "{F5CA9A38-F5CE-4EBE-894D-4E95322DF23D}"
EndProject
Global
	GlobalSection(SolutionConfigurationPlatforms) = preSolution
		Debug|Any CPU = Debug|Any CPU
		Release|Any CPU = Release|Any CPU
	EndGlobalSection
	GlobalSection(ProjectConfigurationPlatforms) = postSolution
		{F5CA9A38-F5CE-4EBE-894D-4E95322DF23D}.Debug|Any CPU.ActiveCfg = Debug|Any CPU
		{F5CA9A38-F5CE-4EBE-894D-4E95322DF23D}.Debug|Any CPU.Build.0 = Debug|Any CPU
		{F5CA9A38-F5CE-4EBE-894D-4E95322DF23D}.Release|Any CPU.ActiveCfg = Release|Any CPU
		{F5CA9A38-F5CE-4EBE-894D-4E95322DF23D}.Release|Any CPU.Build.0 = Release|Any CPU
	EndGlobalSection
	GlobalSection(SolutionProperties) = preSolution
		HideSolutionNode = FALSE
	EndGlobalSection
	GlobalSection(ExtensibilityGlobals) = postSolution
		SolutionGuid = {779E4922-08AA-4D50-A79F-CDA48C0ED043}
	EndGlobalSection
EndGlobal
